
Microsoft Visual Studio Solution File, Format Version 12.00
# Visual Studio 15
VisualStudioVersion = 15.0.27004.2005
MinimumVisualStudioVersion = 10.0.40219.1
Project("{2150E333-8FDC-42A3-9474-1A3956D46DE8}") = "Solution Items", "Solution Items", "{16219D45-0DFD-44E7-B945-52C15477D951}"
	ProjectSection(SolutionItems) = preProject
		License.txt = License.txt
		Readme.md = Readme.md
	EndProjectSection
EndProject
Project("{9A19103F-16F7-4668-BE54-9A1E7A4F7556}") = "MangaScrapeLib", "MangaScrapeLib\MangaScrapeLib.csproj", "{53F3DAFF-38E4-4430-B0FF-94936318E04D}"
EndProject
Project("{FAE04EC0-301F-11D3-BF4B-00C04F79EFBC}") = "MangaScrapeLib.Test", "MangaScrapeLib.Test\MangaScrapeLib.Test.csproj", "{71EB4C72-76B5-43C5-9FE5-0A88EEF60416}"
EndProject
Global
	GlobalSection(SolutionConfigurationPlatforms) = preSolution
		Debug|Any CPU = Debug|Any CPU
		Release|Any CPU = Release|Any CPU
	EndGlobalSection
	GlobalSection(ProjectConfigurationPlatforms) = postSolution
		{53F3DAFF-38E4-4430-B0FF-94936318E04D}.Debug|Any CPU.ActiveCfg = Debug|Any CPU
		{53F3DAFF-38E4-4430-B0FF-94936318E04D}.Debug|Any CPU.Build.0 = Debug|Any CPU
		{53F3DAFF-38E4-4430-B0FF-94936318E04D}.Release|Any CPU.ActiveCfg = Release|Any CPU
		{53F3DAFF-38E4-4430-B0FF-94936318E04D}.Release|Any CPU.Build.0 = Release|Any CPU
		{71EB4C72-76B5-43C5-9FE5-0A88EEF60416}.Debug|Any CPU.ActiveCfg = Debug|Any CPU
		{71EB4C72-76B5-43C5-9FE5-0A88EEF60416}.Debug|Any CPU.Build.0 = Debug|Any CPU
		{71EB4C72-76B5-43C5-9FE5-0A88EEF60416}.Release|Any CPU.ActiveCfg = Release|Any CPU
		{71EB4C72-76B5-43C5-9FE5-0A88EEF60416}.Release|Any CPU.Build.0 = Release|Any CPU
	EndGlobalSection
	GlobalSection(SolutionProperties) = preSolution
		HideSolutionNode = FALSE
	EndGlobalSection
	GlobalSection(ExtensibilityGlobals) = postSolution
		SolutionGuid = {1FA93A7E-DE47-41D0-80E3-108EA89C7968}
	EndGlobalSection
EndGlobal
